version = 1
revision = 3
requires-python = ">=3.14"

[[package]]
name = "fastexcel"
version = "0.20.2"
source = { registry = "https://pypi.org/simple" }
sdist = { url = "https://files.pythonhosted.org/packages/96/96/24314765a3204081a55ecc96e83dfdbd2ef82aa80a521ac3005b2c91e941/fastexcel-0.20.2.tar.gz", hash = "sha256:a4be10eb0f4dd819d2b36950b3f26bf87260b53e54150ac02b78e524c7063902", size = 60862, upload-time = "2026-05-04T12:28:36.01Z" }
wheels = [
    { url = "https://files.pythonhosted.org/packages/29/29/acc5b2eb95fb4eaeb3486b6f034f2d9754dcc0cc0b5dbc79b2fa9a31f66b/fastexcel-0.20.2-cp310-abi3-macosx_10_12_x86_64.whl", hash = "sha256:2a240b9f4b6af42cafc247c1b8c956cf32f5393a3956ad0ed49e07b2b5bf0e09", size = 3432179, upload-time = "2026-05-04T12:28:24.611Z" },
    { url = "https://files.pythonhosted.org/packages/3f/2b/f78a2df2d93ec4a23d7fc94ed967bf004d5115e1f4d2da389bb888d2cc32/fastexcel-0.20.2-cp310-abi3-macosx_11_0_arm64.whl", hash = "sha256:6c7e58cf83c873743c18006e3866d5c2b69c34df7a4a253a72e81169853ddf0e", size = 3260476, upload-time = "2026-05-04T12:28:26.191Z" },
    { url = "https://files.pythonhosted.org/packages/36/9c/a8f45e5c195a70a408893b348595bae4c113091dddba7d1b029e9c980b8e/fastexcel-0.20.2-cp310-abi3-manylinux_2_17_aarch64.manylinux2014_aarch64.whl", hash = "sha256:cdab3cc439c18c4ee14c4ec2b321e1d927cae84f557525f390a3c28517f6e721", size = 3625132, upload-time = "2026-05-04T12:28:12.173Z" },
    { url = "https://files.pythonhosted.org/packages/b4/01/da0ae9b3ee86daca5ac9f0a7b05477cf0c1624321d95f1e52492a772dba5/fastexcel-0.20.2-cp310-abi3-manylinux_2_17_x86_64.manylinux2014_x86_64.whl", hash = "sha256:15d41bcc4433bb3ab778426ecaeaf3a5f38d949555c631a83e958c57bb0a116e", size = 3789901, upload-time = "2026-05-04T12:28:13.884Z" },
    { url = "https://files.pythonhosted.org/packages/c5/15/80c614c8b07c631c7c2acd015e7f2e1cd683cd04279e5615b39c36a0e43b/fastexcel-0.20.2-cp310-abi3-musllinux_1_2_aarch64.whl", hash = "sha256:441f9b7e97b4fd1c9487e5c0a0d9cad7aa4097a39e65fcd494551f5ec3e5d02f", size = 3792388, upload-time = "2026-05-04T12:28:15.448Z" },
    { url = "https://files.pythonhosted.org/packages/c0/80/4548305ce4d70a0ecf38205988e5caeb9347dae7e5d06bcd2b939586fc52/fastexcel-0.20.2-cp310-abi3-musllinux_1_2_x86_64.whl", hash = "sha256:8b15f21baef3e4914071e34f176d8692dd79e3464c10f8373047aab1384cfaae", size = 3960316, upload-time = "2026-05-04T12:28:16.821Z" },
    { url = "https://files.pythonhosted.org/packages/22/b3/7de6b49406fda63c9fee817d5fc70fe3f52c24431605f1de2f7b0f3a0938/fastexcel-0.20.2-cp310-abi3-win_amd64.whl", hash = "sha256:ce28748390ae6a7d286ba29d8ee2badcfb6478d32ed700db6c2030de32a16e7b", size = 3275637, upload-time = "2026-05-04T12:28:30.45Z" },
    { url = "https://files.pythonhosted.org/packages/d8/3b/c251f38596d630e87280c191f53803e7409e7723e95e53a477f6760c7298/fastexcel-0.20.2-cp310-abi3-win_arm64.whl", hash = "sha256:c3e58f5053bc05b0ee8fa735056cea7af6e1c41c39fc4b2b06cc86c1025d140b", size = 2990952, upload-time = "2026-05-04T12:28:32.434Z" },
    { url = "https://files.pythonhosted.org/packages/37/d3/fcc1ba752415327f0fd5a1b52060e66f1c0bf8b7b90bbba781b91750ce7e/fastexcel-0.20.2-cp314-cp314t-macosx_10_12_x86_64.whl", hash = "sha256:e5b677d669cc7c099998ef27d9442b78d7190916d3b40418bda619cdc4ebae2c", size = 3427401, upload-time = "2026-05-04T12:28:27.741Z" },
    { url = "https://files.pythonhosted.org/packages/80/bc/e492c343c096e93e269c157fc11def297430047f1ee09db4f8a39bcdc1a0/fastexcel-0.20.2-cp314-cp314t-macosx_11_0_arm64.whl", hash = "sha256:9692ac135ede4d6fc45b25cc22f1c6bd1eb8750bda14097b7f319450c33d3124", size = 3253915, upload-time = "2026-05-04T12:28:29.053Z" },
    { url = "https://files.pythonhosted.org/packages/dd/ef/bd7b98149b50e01fdaa3b146b025ce50b8e983f35522f8e69bd94d2711a4/fastexcel-0.20.2-cp314-cp314t-manylinux_2_17_aarch64.manylinux2014_aarch64.whl", hash = "sha256:675d7eab2110bd8d5520b98d5eb3f3e15173b69a5f64b43412f917e9717e9aa0", size = 3621364, upload-time = "2026-05-04T12:28:18.457Z" },
    { url = "https://files.pythonhosted.org/packages/4c/e0/f67911db6515df326900e8ac1ae17cc08233ca5fb8f71c633f57a50cf786/fastexcel-0.20.2-cp314-cp314t-manylinux_2_17_x86_64.manylinux2014_x86_64.whl", hash = "sha256:db049d51e5323459f534ce9a65869f997bebd4dde75ef1d3b3af53dd64b8b9ca", size = 3784924, upload-time = "2026-05-04T12:28:19.955Z" },
    { url = "https://files.pythonhosted.org/packages/34/82/fabe2d1de28e89a90bb2c884c37d862b5d85063fd41fffcb56b2980d0b51/fastexcel-0.20.2-cp314-cp314t-musllinux_1_2_aarch64.whl", hash = "sha256:e5b23f69898f6a32c2f279d8f72eb8ac93c336bf7f453a9b8930cab9dc494520", size = 3791264, upload-time = "2026-05-04T12:28:21.612Z" },
    { url = "https://files.pythonhosted.org/packages/f7/34/b3ed819dd6d35d71c6640ff857c6362d42f19e8b15354e64b06f355df3a4/fastexcel-0.20.2-cp314-cp314t-musllinux_1_2_x86_64.whl", hash = "sha256:c3058d034e75967b6f01e0c82767adeb40cbf4533b6bc54e3b93f77f5f80dec4", size = 3953234, upload-time = "2026-05-04T12:28:23.224Z" },
    { url = "https://files.pythonhosted.org/packages/3a/51/1d9a72473cc213d5647d8cf7c2393ef995b3453ac5e4b544ba652d1428dd/fastexcel-0.20.2-cp314-cp314t-win_amd64.whl", hash = "sha256:d71e2a1fce006cb8bc1ae06da6ff5e5fe83e6496be5aef01b623b15aa0d0f82d", size = 3271344, upload-time = "2026-05-04T12:28:34.443Z" },
]

[[package]]
name = "polars"
version = "1.40.1"
source = { registry = "https://pypi.org/simple" }
dependencies = [
    { name = "polars-runtime-32" },
]
sdist = { url = "https://files.pythonhosted.org/packages/b3/8c/bc9bc948058348ed43117cecc3007cd608f395915dae8a00974579a5dab1/polars-1.40.1.tar.gz", hash = "sha256:ab2694134b137596b5a59bfd7b4c54ebbc9b59f9403127f18e32d363777552e8", size = 733574, upload-time = "2026-04-22T19:15:55.507Z" }
wheels = [
    { url = "https://files.pythonhosted.org/packages/ea/91/74fc60d94488685a92ac9d49d7ec55f3e91fe9b77942a6235a5fa7f249c3/polars-1.40.1-py3-none-any.whl", hash = "sha256:c0f861219d1319cdea45c4ce4d30355a47176b8f98dcedf95ea8269f131b8abd", size = 828723, upload-time = "2026-04-22T19:14:25.452Z" },
]

[[package]]
name = "polars-runtime-32"
version = "1.40.1"
source = { registry = "https://pypi.org/simple" }
sdist = { url = "https://files.pythonhosted.org/packages/54/ba/26d40f039be9f552b5fd7365a621bdfc0f8e912ef77094ae4693491b0bae/polars_runtime_32-1.40.1.tar.gz", hash = "sha256:37f3065615d1bf90d03b5326222df4c5c1f8a5d33e50470aa588e3465e6eb814", size = 2935843, upload-time = "2026-04-22T19:15:57.26Z" }
wheels = [
    { url = "https://files.pythonhosted.org/packages/7d/46/22c8af5eed68ac2eeb556e0fa3ca8a7b798e984ceff4450888f3b5ac61fd/polars_runtime_32-1.40.1-cp310-abi3-macosx_10_12_x86_64.whl", hash = "sha256:b748ef652270cc49e9e69f99a035e0eb4d5f856d42bcd6ac4d9d80a40142aa1e", size = 52098755, upload-time = "2026-04-22T19:14:28.555Z" },
    { url = "https://files.pythonhosted.org/packages/c6/3e/48599a38009ca60ff82a6f38c8a621ce3c0286aa7397c7d79e741bd9060e/polars_runtime_32-1.40.1-cp310-abi3-macosx_11_0_arm64.whl", hash = "sha256:d249b3743e05986060cec0a7aaa542d020df6c6b876e556023a310efd581f9be", size = 46367542, upload-time = "2026-04-22T19:14:32.433Z" },
    { url = "https://files.pythonhosted.org/packages/43/e9/384bc069367a1a36ee31c13782c178dbd039b2b873b772d4a0fc23a2373d/polars_runtime_32-1.40.1-cp310-abi3-manylinux_2_17_aarch64.manylinux2014_aarch64.whl", hash = "sha256:5987b30e7aa1059d069498496e8dda35afd592b0ac3d46ed87e3ff8df1ad652c", size = 50252104, upload-time = "2026-04-22T19:14:35.945Z" },
    { url = "https://files.pythonhosted.org/packages/15/ef/7d57ceb0651af74194e97ed6583e148d352f03d696090221b8059cdfc90b/polars_runtime_32-1.40.1-cp310-abi3-manylinux_2_17_x86_64.manylinux2014_x86_64.whl", hash = "sha256:8d7f42a8b3f16fc66002cc0f6516f7dd7653396886ae0ed362ab95c0b3408b59", size = 56250788, upload-time = "2026-04-22T19:14:39.743Z" },
    { url = "https://files.pythonhosted.org/packages/10/0f/e4b3ffc748827a14a474ec9c42e45c066050e440fec57e914091d9adda75/polars_runtime_32-1.40.1-cp310-abi3-musllinux_1_2_aarch64.whl", hash = "sha256:e5f7becc237a7ec9d9a10878dc8e54b73bbf4e2d94a2991c37d7a0b38590d8f9", size = 50432590, upload-time = "2026-04-22T19:14:43.388Z" },
    { url = "https://files.pythonhosted.org/packages/d9/0b/b8d95fbed869fa4caabe9c400e4210374913b376e925e96fdcfa9be6416b/polars_runtime_32-1.40.1-cp310-abi3-musllinux_1_2_x86_64.whl", hash = "sha256:992d14cf191dde043d36fbdbc98a65e43fbc7e9a5024cecd45f838ac4988c1ee", size = 54155564, upload-time = "2026-04-22T19:14:47.239Z" },
    { url = "https://files.pythonhosted.org/packages/06/d9/d091d8fb5cbed5e9536adfed955c4c89987a4cc3b8e73ae4532402b91c74/polars_runtime_32-1.40.1-cp310-abi3-win_amd64.whl", hash = "sha256:f78bb2abd00101cbb23cc0cb068f7e36e081057a15d2ec2dde3dda280709f030", size = 51829755, upload-time = "2026-04-22T19:14:50.85Z" },
    { url = "https://files.pythonhosted.org/packages/65/ad/b33c3022a394f3eb55c3310597cec615412a8a33880055eee191d154a628/polars_runtime_32-1.40.1-cp310-abi3-win_arm64.whl", hash = "sha256:b5cbfaf6b085b420b4bfcbe24e8f665076d1cccfdb80c0484c02a023ce205537", size = 45822104, upload-time = "2026-04-22T19:14:54.192Z" },
]

[[package]]
name = "urgency-cares"
version = "0.1.0"
source = { virtual = "." }
dependencies = [
    { name = "fastexcel" },
    { name = "polars" },
]

[package.metadata]
requires-dist = [
    { name = "fastexcel", specifier = ">=0.20.2" },
    { name = "polars", specifier = ">=1.40.1" },
]
